
Microsoft Visual Studio Solution File, Format Version 12.00
# Visual Studio Version 16
VisualStudioVersion = 16.0.30621.155
MinimumVisualStudioVersion = 10.0.40219.1
Project("{FAE04EC0-301F-11D3-BF4B-00C04F79EFBC}") = "Doctor_MaxOne_Four", "Doctor_MaxOne_Four\Doctor_MaxOne_Four.csproj", "{A52C24F3-DFBF-4798-BB0F-1A5BC0049E03}"
EndProject
Global
	GlobalSection(SolutionConfigurationPlatforms) = preSolution
		Debug|Any CPU = Debug|Any CPU
		Release|Any CPU = Release|Any CPU
	EndGlobalSection
	GlobalSection(ProjectConfigurationPlatforms) = postSolution
		{A52C24F3-DFBF-4798-BB0F-1A5BC0049E03}.Debug|Any CPU.ActiveCfg = Debug|Any CPU
		{A52C24F3-DFBF-4798-BB0F-1A5BC0049E03}.Debug|Any CPU.Build.0 = Debug|Any CPU
		{A52C24F3-DFBF-4798-BB0F-1A5BC0049E03}.Release|Any CPU.ActiveCfg = Release|Any CPU
		{A52C24F3-DFBF-4798-BB0F-1A5BC0049E03}.Release|Any CPU.Build.0 = Release|Any CPU
	EndGlobalSection
	GlobalSection(SolutionProperties) = preSolution
		HideSolutionNode = FALSE
	EndGlobalSection
	GlobalSection(ExtensibilityGlobals) = postSolution
		SolutionGuid = {5CFAC5C6-7BFF-4D9D-B2FA-48AE4037143B}
	EndGlobalSection
EndGlobal
